
Microsoft Visual Studio Solution File, Format Version 12.00
# Visual Studio Version 17
VisualStudioVersion = 17.11.35303.130
MinimumVisualStudioVersion = 10.0.40219.1
Project("{FAE04EC0-301F-11D3-BF4B-00C04F79EFBC}") = "HotelReservationSystem", "HotelReservationSystem\HotelReservationSystem.csproj", "{2742C5DC-B52D-49BE-8FFA-DEC168B8DE68}"
EndProject
Global
	GlobalSection(SolutionConfigurationPlatforms) = preSolution
		Debug|Any CPU = Debug|Any CPU
		Release|Any CPU = Release|Any CPU
	EndGlobalSection
	GlobalSection(ProjectConfigurationPlatforms) = postSolution
		{2742C5DC-B52D-49BE-8FFA-DEC168B8DE68}.Debug|Any CPU.ActiveCfg = Debug|Any CPU
		{2742C5DC-B52D-49BE-8FFA-DEC168B8DE68}.Debug|Any CPU.Build.0 = Debug|Any CPU
		{2742C5DC-B52D-49BE-8FFA-DEC168B8DE68}.Release|Any CPU.ActiveCfg = Release|Any CPU
		{2742C5DC-B52D-49BE-8FFA-DEC168B8DE68}.Release|Any CPU.Build.0 = Release|Any CPU
	EndGlobalSection
	GlobalSection(SolutionProperties) = preSolution
		HideSolutionNode = FALSE
	EndGlobalSection
	GlobalSection(ExtensibilityGlobals) = postSolution
		SolutionGuid = {A192586D-F8CE-48C5-9D4A-4FA5BCA48F3A}
	EndGlobalSection
EndGlobal
